# This file is automatically @generated by Cargo.
# It is not intended for manual editing.
version = 4

[[package]]
name = "cfg-if"
version = "1.0.5"
source = "registry+https://github.com/rust-lang/crates.io-index"
checksum = "4e7648175b45a9a48536d676f68d918270699102aa8dab5496df06904c914600"

[[package]]
name = "flubber-libvlc-prototype"
version = "0.1.0"
dependencies = [
 "labstream",
 "libloading",
 "windows-sys",
]

[[package]]
name = "labstream"
version = "0.1.2"
source = "registry+https://github.com/rust-lang/crates.io-index"
checksum = "11bfa2e5b273b50cc37c03c158e7da15d73ff06cf2f068cfacfbcf8c985b175a"
dependencies = [
 "labstream-net",
 "labstream-wire",
]

[[package]]
name = "labstream-net"
version = "0.1.2"
source = "registry+https://github.com/rust-lang/crates.io-index"
checksum = "db4e666b23d6e1ba601f0b755203b1ff1df2eb5cb185019e1712b8ea186c34e2"
dependencies = [
 "labstream-proto",
 "labstream-time",
 "labstream-wire",
 "libc",
 "socket2",
]

[[package]]
name = "labstream-proto"
version = "0.1.2"
source = "registry+https://github.com/rust-lang/crates.io-index"
checksum = "1de62cf43715119c7426315e61d54fd18f3b31677e27f809e6bd3fe99515a72f"
dependencies = [
 "labstream-wire",
]

[[package]]
name = "labstream-time"
version = "0.1.2"
source = "registry+https://github.com/rust-lang/crates.io-index"
checksum = "15ec77560db095fc428025755b3ee351b9da8c59704f4382b2119db7cc89cf03"

[[package]]
name = "labstream-wire"
version = "0.1.2"
source = "registry+https://github.com/rust-lang/crates.io-index"
checksum = "c144a76b359144310aa7dcaafbaff962b9e121d3f1a20d2acfd14b56ab706479"

[[package]]
name = "libc"
version = "0.2.190"
source = "registry+https://github.com/rust-lang/crates.io-index"
checksum = "ce5d3ddc6d3fa000eb1536d85e147bfe31aacaba692ed6a876f95cb7c855be78"

[[package]]
name = "libloading"
version = "0.8.9"
source = "registry+https://github.com/rust-lang/crates.io-index"
checksum = "d7c4b02199fee7c5d21a5ae7d8cfa79a6ef5bb2fc834d6e9058e89c825efdc55"
dependencies = [
 "cfg-if",
 "windows-link",
]

[[package]]
name = "socket2"
version = "0.6.5"
source = "registry+https://github.com/rust-lang/crates.io-index"
checksum = "c3d1e2c7f27f8d4cb10542a02c49005dbd6e93095799d6f3be745fae9f8fedd4"
dependencies = [
 "libc",
 "windows-sys",
]

[[package]]
name = "windows-link"
version = "0.2.1"
source = "registry+https://github.com/rust-lang/crates.io-index"
checksum = "f0805222e57f7521d6a62e36fa9163bc891acd422f971defe97d64e70d0a4fe5"

[[package]]
name = "windows-sys"
version = "0.61.2"
source = "registry+https://github.com/rust-lang/crates.io-index"
checksum = "ae137229bcbd6cdf0f7b80a31df61766145077ddf49416a728b02cb3921ff3fc"
dependencies = [
 "windows-link",
]
